
Microsoft Visual Studio Solution File, Format Version 12.00
# Visual Studio Version 17
VisualStudioVersion = 17.8.34525.116
MinimumVisualStudioVersion = 10.0.40219.1
Project("{FAE04EC0-301F-11D3-BF4B-00C04F79EFBC}") = "Sales", "Sales\Sales.csproj", "{773417BE-F5AE-42DC-B87B-012EE2171027}"
EndProject
Project("{FAE04EC0-301F-11D3-BF4B-00C04F79EFBC}") = "TestCases", "TestCases\TestCases.csproj", "{7EC6B592-CE22-44F7-B759-F626B505DDE4}"
EndProject
Global
	GlobalSection(SolutionConfigurationPlatforms) = preSolution
		Debug|Any CPU = Debug|Any CPU
		Release|Any CPU = Release|Any CPU
	EndGlobalSection
	GlobalSection(ProjectConfigurationPlatforms) = postSolution
		{773417BE-F5AE-42DC-B87B-012EE2171027}.Debug|Any CPU.ActiveCfg = Debug|Any CPU
		{773417BE-F5AE-42DC-B87B-012EE2171027}.Debug|Any CPU.Build.0 = Debug|Any CPU
		{773417BE-F5AE-42DC-B87B-012EE2171027}.Release|Any CPU.ActiveCfg = Release|Any CPU
		{773417BE-F5AE-42DC-B87B-012EE2171027}.Release|Any CPU.Build.0 = Release|Any CPU
		{7EC6B592-CE22-44F7-B759-F626B505DDE4}.Debug|Any CPU.ActiveCfg = Debug|Any CPU
		{7EC6B592-CE22-44F7-B759-F626B505DDE4}.Debug|Any CPU.Build.0 = Debug|Any CPU
		{7EC6B592-CE22-44F7-B759-F626B505DDE4}.Release|Any CPU.ActiveCfg = Release|Any CPU
		{7EC6B592-CE22-44F7-B759-F626B505DDE4}.Release|Any CPU.Build.0 = Release|Any CPU
	EndGlobalSection
	GlobalSection(SolutionProperties) = preSolution
		HideSolutionNode = FALSE
	EndGlobalSection
	GlobalSection(ExtensibilityGlobals) = postSolution
		SolutionGuid = {BF81CE87-D8FD-4C98-8C33-91D60A17D187}
	EndGlobalSection
EndGlobal
